
Microsoft Visual Studio Solution File, Format Version 12.00
# Visual Studio 15
VisualStudioVersion = 15.0.28307.705
MinimumVisualStudioVersion = 10.0.40219.1
Project("{FAE04EC0-301F-11D3-BF4B-00C04F79EFBC}") = "Entity", "Entity\Entity.csproj", "{FD4879C2-FB2B-4B97-81FB-4EC7FB58A943}"
EndProject
Project("{FAE04EC0-301F-11D3-BF4B-00C04F79EFBC}") = "EasyBL.WEBAPP", "EasyBL.WEBAPP\EasyBL.WEBAPP.csproj", "{DF245102-98E6-4755-AC11-8D5119A22B93}"
EndProject
Project("{FAE04EC0-301F-11D3-BF4B-00C04F79EFBC}") = "EasyBL", "EasyBL\EasyBL.csproj", "{8A113DF6-022E-4CF5-8AA2-111294283376}"
EndProject
Project("{FAE04EC0-301F-11D3-BF4B-00C04F79EFBC}") = "EntityBuilder", "EntityBuilder\EntityBuilder.csproj", "{3B6DE5D3-781C-4ECA-A4FE-8AEB288F0003}"
	ProjectSection(ProjectDependencies) = postProject
		{53E2FA10-02E4-4167-9409-B9820BA7BE5F} = {53E2FA10-02E4-4167-9409-B9820BA7BE5F}
	EndProjectSection
EndProject
Project("{FAE04EC0-301F-11D3-BF4B-00C04F79EFBC}") = "WebApp", "WebApp\WebApp.csproj", "{53E2FA10-02E4-4167-9409-B9820BA7BE5F}"
EndProject
Project("{FAE04EC0-301F-11D3-BF4B-00C04F79EFBC}") = "WebSite", "WebSite\WebSite.csproj", "{59E53FCD-836C-4021-A6ED-49C23BD627DB}"
EndProject
Project("{FAE04EC0-301F-11D3-BF4B-00C04F79EFBC}") = "EasyBL.WEBSITE", "EasyBL.WEBSITE\EasyBL.WEBSITE.csproj", "{552D686F-C346-4A98-8A93-6F03F40FC7F2}"
EndProject
Project("{FAE04EC0-301F-11D3-BF4B-00C04F79EFBC}") = "EasyNet", "EasyNet\EasyNet.csproj", "{D584B1F5-8607-4FFD-BA98-33D0CE115611}"
EndProject
Project("{FAE04EC0-301F-11D3-BF4B-00C04F79EFBC}") = "Euro.Transfer", "Euro.Transfer\Euro.Transfer.csproj", "{861F9EC4-46B8-491F-BCEC-509717A3C30F}"
	ProjectSection(ProjectDependencies) = postProject
		{8A113DF6-022E-4CF5-8AA2-111294283376} = {8A113DF6-022E-4CF5-8AA2-111294283376}
	EndProjectSection
EndProject
Project("{FAE04EC0-301F-11D3-BF4B-00C04F79EFBC}") = "SqlSugar", "SqlSugar\SqlSugar.csproj", "{489BB790-226C-4FAD-8D1E-51D72A7FF8E5}"
EndProject
Project("{6141683F-8A12-4E36-9623-2EB02B2C2303}") = "EuroTransfer.Setup", "EuroTransfer.Setup\EuroTransfer.Setup.isproj", "{73A6561F-3391-4B11-B7CA-385F764FC40B}"
	ProjectSection(ProjectDependencies) = postProject
		{861F9EC4-46B8-491F-BCEC-509717A3C30F} = {861F9EC4-46B8-491F-BCEC-509717A3C30F}
	EndProjectSection
EndProject
Global
	GlobalSection(SolutionConfigurationPlatforms) = preSolution
		CD_ROM|Any CPU = CD_ROM|Any CPU
		Debug|Any CPU = Debug|Any CPU
		DVD-5|Any CPU = DVD-5|Any CPU
		Release|Any CPU = Release|Any CPU
		SingleImage|Any CPU = SingleImage|Any CPU
	EndGlobalSection
	GlobalSection(ProjectConfigurationPlatforms) = postSolution
		{FD4879C2-FB2B-4B97-81FB-4EC7FB58A943}.CD_ROM|Any CPU.ActiveCfg = Release|Any CPU
		{FD4879C2-FB2B-4B97-81FB-4EC7FB58A943}.CD_ROM|Any CPU.Build.0 = Release|Any CPU
		{FD4879C2-FB2B-4B97-81FB-4EC7FB58A943}.Debug|Any CPU.ActiveCfg = Debug|Any CPU
		{FD4879C2-FB2B-4B97-81FB-4EC7FB58A943}.Debug|Any CPU.Build.0 = Debug|Any CPU
		{FD4879C2-FB2B-4B97-81FB-4EC7FB58A943}.DVD-5|Any CPU.ActiveCfg = Debug|Any CPU
		{FD4879C2-FB2B-4B97-81FB-4EC7FB58A943}.DVD-5|Any CPU.Build.0 = Debug|Any CPU
		{FD4879C2-FB2B-4B97-81FB-4EC7FB58A943}.Release|Any CPU.ActiveCfg = Release|Any CPU
		{FD4879C2-FB2B-4B97-81FB-4EC7FB58A943}.Release|Any CPU.Build.0 = Release|Any CPU
		{FD4879C2-FB2B-4B97-81FB-4EC7FB58A943}.SingleImage|Any CPU.ActiveCfg = Release|Any CPU
		{FD4879C2-FB2B-4B97-81FB-4EC7FB58A943}.SingleImage|Any CPU.Build.0 = Release|Any CPU
		{DF245102-98E6-4755-AC11-8D5119A22B93}.CD_ROM|Any CPU.ActiveCfg = Release|Any CPU
		{DF245102-98E6-4755-AC11-8D5119A22B93}.CD_ROM|Any CPU.Build.0 = Release|Any CPU
		{DF245102-98E6-4755-AC11-8D5119A22B93}.Debug|Any CPU.ActiveCfg = Debug|Any CPU
		{DF245102-98E6-4755-AC11-8D5119A22B93}.Debug|Any CPU.Build.0 = Debug|Any CPU
		{DF245102-98E6-4755-AC11-8D5119A22B93}.DVD-5|Any CPU.ActiveCfg = Debug|Any CPU
		{DF245102-98E6-4755-AC11-8D5119A22B93}.DVD-5|Any CPU.Build.0 = Debug|Any CPU
		{DF245102-98E6-4755-AC11-8D5119A22B93}.Release|Any CPU.ActiveCfg = Release|Any CPU
		{DF245102-98E6-4755-AC11-8D5119A22B93}.Release|Any CPU.Build.0 = Release|Any CPU
		{DF245102-98E6-4755-AC11-8D5119A22B93}.SingleImage|Any CPU.ActiveCfg = Release|Any CPU
		{DF245102-98E6-4755-AC11-8D5119A22B93}.SingleImage|Any CPU.Build.0 = Release|Any CPU
		{8A113DF6-022E-4CF5-8AA2-111294283376}.CD_ROM|Any CPU.ActiveCfg = Release|Any CPU
		{8A113DF6-022E-4CF5-8AA2-111294283376}.CD_ROM|Any CPU.Build.0 = Release|Any CPU
		{8A113DF6-022E-4CF5-8AA2-111294283376}.Debug|Any CPU.ActiveCfg = Debug|Any CPU
		{8A113DF6-022E-4CF5-8AA2-111294283376}.Debug|Any CPU.Build.0 = Debug|Any CPU
		{8A113DF6-022E-4CF5-8AA2-111294283376}.DVD-5|Any CPU.ActiveCfg = Debug|Any CPU
		{8A113DF6-022E-4CF5-8AA2-111294283376}.DVD-5|Any CPU.Build.0 = Debug|Any CPU
		{8A113DF6-022E-4CF5-8AA2-111294283376}.Release|Any CPU.ActiveCfg = Release|Any CPU
		{8A113DF6-022E-4CF5-8AA2-111294283376}.Release|Any CPU.Build.0 = Release|Any CPU
		{8A113DF6-022E-4CF5-8AA2-111294283376}.SingleImage|Any CPU.ActiveCfg = Release|Any CPU
		{8A113DF6-022E-4CF5-8AA2-111294283376}.SingleImage|Any CPU.Build.0 = Release|Any CPU
		{3B6DE5D3-781C-4ECA-A4FE-8AEB288F0003}.CD_ROM|Any CPU.ActiveCfg = Release|Any CPU
		{3B6DE5D3-781C-4ECA-A4FE-8AEB288F0003}.CD_ROM|Any CPU.Build.0 = Release|Any CPU
		{3B6DE5D3-781C-4ECA-A4FE-8AEB288F0003}.Debug|Any CPU.ActiveCfg = Debug|Any CPU
		{3B6DE5D3-781C-4ECA-A4FE-8AEB288F0003}.Debug|Any CPU.Build.0 = Debug|Any CPU
		{3B6DE5D3-781C-4ECA-A4FE-8AEB288F0003}.DVD-5|Any CPU.ActiveCfg = Debug|Any CPU
		{3B6DE5D3-781C-4ECA-A4FE-8AEB288F0003}.DVD-5|Any CPU.Build.0 = Debug|Any CPU
		{3B6DE5D3-781C-4ECA-A4FE-8AEB288F0003}.Release|Any CPU.ActiveCfg = Release|Any CPU
		{3B6DE5D3-781C-4ECA-A4FE-8AEB288F0003}.Release|Any CPU.Build.0 = Release|Any CPU
		{3B6DE5D3-781C-4ECA-A4FE-8AEB288F0003}.SingleImage|Any CPU.ActiveCfg = Release|Any CPU
		{3B6DE5D3-781C-4ECA-A4FE-8AEB288F0003}.SingleImage|Any CPU.Build.0 = Release|Any CPU
		{53E2FA10-02E4-4167-9409-B9820BA7BE5F}.CD_ROM|Any CPU.ActiveCfg = Release|Any CPU
		{53E2FA10-02E4-4167-9409-B9820BA7BE5F}.CD_ROM|Any CPU.Build.0 = Release|Any CPU
		{53E2FA10-02E4-4167-9409-B9820BA7BE5F}.Debug|Any CPU.ActiveCfg = Debug|Any CPU
		{53E2FA10-02E4-4167-9409-B9820BA7BE5F}.Debug|Any CPU.Build.0 = Debug|Any CPU
		{53E2FA10-02E4-4167-9409-B9820BA7BE5F}.DVD-5|Any CPU.ActiveCfg = Debug|Any CPU
		{53E2FA10-02E4-4167-9409-B9820BA7BE5F}.DVD-5|Any CPU.Build.0 = Debug|Any CPU
		{53E2FA10-02E4-4167-9409-B9820BA7BE5F}.Release|Any CPU.ActiveCfg = Release|Any CPU
		{53E2FA10-02E4-4167-9409-B9820BA7BE5F}.Release|Any CPU.Build.0 = Release|Any CPU
		{53E2FA10-02E4-4167-9409-B9820BA7BE5F}.SingleImage|Any CPU.ActiveCfg = Release|Any CPU
		{53E2FA10-02E4-4167-9409-B9820BA7BE5F}.SingleImage|Any CPU.Build.0 = Release|Any CPU
		{59E53FCD-836C-4021-A6ED-49C23BD627DB}.CD_ROM|Any CPU.ActiveCfg = Release|Any CPU
		{59E53FCD-836C-4021-A6ED-49C23BD627DB}.CD_ROM|Any CPU.Build.0 = Release|Any CPU
		{59E53FCD-836C-4021-A6ED-49C23BD627DB}.Debug|Any CPU.ActiveCfg = Debug|Any CPU
		{59E53FCD-836C-4021-A6ED-49C23BD627DB}.Debug|Any CPU.Build.0 = Debug|Any CPU
		{59E53FCD-836C-4021-A6ED-49C23BD627DB}.DVD-5|Any CPU.ActiveCfg = Debug|Any CPU
		{59E53FCD-836C-4021-A6ED-49C23BD627DB}.DVD-5|Any CPU.Build.0 = Debug|Any CPU
		{59E53FCD-836C-4021-A6ED-49C23BD627DB}.Release|Any CPU.ActiveCfg = Release|Any CPU
		{59E53FCD-836C-4021-A6ED-49C23BD627DB}.Release|Any CPU.Build.0 = Release|Any CPU
		{59E53FCD-836C-4021-A6ED-49C23BD627DB}.SingleImage|Any CPU.ActiveCfg = Release|Any CPU
		{59E53FCD-836C-4021-A6ED-49C23BD627DB}.SingleImage|Any CPU.Build.0 = Release|Any CPU
		{552D686F-C346-4A98-8A93-6F03F40FC7F2}.CD_ROM|Any CPU.ActiveCfg = Release|Any CPU
		{552D686F-C346-4A98-8A93-6F03F40FC7F2}.CD_ROM|Any CPU.Build.0 = Release|Any CPU
		{552D686F-C346-4A98-8A93-6F03F40FC7F2}.Debug|Any CPU.ActiveCfg = Debug|Any CPU
		{552D686F-C346-4A98-8A93-6F03F40FC7F2}.Debug|Any CPU.Build.0 = Debug|Any CPU
		{552D686F-C346-4A98-8A93-6F03F40FC7F2}.DVD-5|Any CPU.ActiveCfg = Debug|Any CPU
		{552D686F-C346-4A98-8A93-6F03F40FC7F2}.DVD-5|Any CPU.Build.0 = Debug|Any CPU
		{552D686F-C346-4A98-8A93-6F03F40FC7F2}.Release|Any CPU.ActiveCfg = Release|Any CPU
		{552D686F-C346-4A98-8A93-6F03F40FC7F2}.Release|Any CPU.Build.0 = Release|Any CPU
		{552D686F-C346-4A98-8A93-6F03F40FC7F2}.SingleImage|Any CPU.ActiveCfg = Release|Any CPU
		{552D686F-C346-4A98-8A93-6F03F40FC7F2}.SingleImage|Any CPU.Build.0 = Release|Any CPU
		{D584B1F5-8607-4FFD-BA98-33D0CE115611}.CD_ROM|Any CPU.ActiveCfg = Release|Any CPU
		{D584B1F5-8607-4FFD-BA98-33D0CE115611}.CD_ROM|Any CPU.Build.0 = Release|Any CPU
		{D584B1F5-8607-4FFD-BA98-33D0CE115611}.Debug|Any CPU.ActiveCfg = Debug|Any CPU
		{D584B1F5-8607-4FFD-BA98-33D0CE115611}.Debug|Any CPU.Build.0 = Debug|Any CPU
		{D584B1F5-8607-4FFD-BA98-33D0CE115611}.DVD-5|Any CPU.ActiveCfg = Debug|Any CPU
		{D584B1F5-8607-4FFD-BA98-33D0CE115611}.DVD-5|Any CPU.Build.0 = Debug|Any CPU
		{D584B1F5-8607-4FFD-BA98-33D0CE115611}.Release|Any CPU.ActiveCfg = Release|Any CPU
		{D584B1F5-8607-4FFD-BA98-33D0CE115611}.Release|Any CPU.Build.0 = Release|Any CPU
		{D584B1F5-8607-4FFD-BA98-33D0CE115611}.SingleImage|Any CPU.ActiveCfg = Release|Any CPU
		{D584B1F5-8607-4FFD-BA98-33D0CE115611}.SingleImage|Any CPU.Build.0 = Release|Any CPU
		{861F9EC4-46B8-491F-BCEC-509717A3C30F}.CD_ROM|Any CPU.ActiveCfg = Release|Any CPU
		{861F9EC4-46B8-491F-BCEC-509717A3C30F}.CD_ROM|Any CPU.Build.0 = Release|Any CPU
		{861F9EC4-46B8-491F-BCEC-509717A3C30F}.Debug|Any CPU.ActiveCfg = Debug|Any CPU
		{861F9EC4-46B8-491F-BCEC-509717A3C30F}.Debug|Any CPU.Build.0 = Debug|Any CPU
		{861F9EC4-46B8-491F-BCEC-509717A3C30F}.DVD-5|Any CPU.ActiveCfg = Debug|Any CPU
		{861F9EC4-46B8-491F-BCEC-509717A3C30F}.DVD-5|Any CPU.Build.0 = Debug|Any CPU
		{861F9EC4-46B8-491F-BCEC-509717A3C30F}.Release|Any CPU.ActiveCfg = Release|Any CPU
		{861F9EC4-46B8-491F-BCEC-509717A3C30F}.Release|Any CPU.Build.0 = Release|Any CPU
		{861F9EC4-46B8-491F-BCEC-509717A3C30F}.SingleImage|Any CPU.ActiveCfg = Release|Any CPU
		{861F9EC4-46B8-491F-BCEC-509717A3C30F}.SingleImage|Any CPU.Build.0 = Release|Any CPU
		{489BB790-226C-4FAD-8D1E-51D72A7FF8E5}.CD_ROM|Any CPU.ActiveCfg = Release|Any CPU
		{489BB790-226C-4FAD-8D1E-51D72A7FF8E5}.CD_ROM|Any CPU.Build.0 = Release|Any CPU
		{489BB790-226C-4FAD-8D1E-51D72A7FF8E5}.Debug|Any CPU.ActiveCfg = Debug|Any CPU
		{489BB790-226C-4FAD-8D1E-51D72A7FF8E5}.Debug|Any CPU.Build.0 = Debug|Any CPU
		{489BB790-226C-4FAD-8D1E-51D72A7FF8E5}.DVD-5|Any CPU.ActiveCfg = Debug|Any CPU
		{489BB790-226C-4FAD-8D1E-51D72A7FF8E5}.DVD-5|Any CPU.Build.0 = Debug|Any CPU
		{489BB790-226C-4FAD-8D1E-51D72A7FF8E5}.Release|Any CPU.ActiveCfg = Release|Any CPU
		{489BB790-226C-4FAD-8D1E-51D72A7FF8E5}.Release|Any CPU.Build.0 = Release|Any CPU
		{489BB790-226C-4FAD-8D1E-51D72A7FF8E5}.SingleImage|Any CPU.ActiveCfg = Release|Any CPU
		{489BB790-226C-4FAD-8D1E-51D72A7FF8E5}.SingleImage|Any CPU.Build.0 = Release|Any CPU
		{73A6561F-3391-4B11-B7CA-385F764FC40B}.CD_ROM|Any CPU.ActiveCfg = CD_ROM
		{73A6561F-3391-4B11-B7CA-385F764FC40B}.CD_ROM|Any CPU.Build.0 = CD_ROM
		{73A6561F-3391-4B11-B7CA-385F764FC40B}.Debug|Any CPU.ActiveCfg = DVD-5
		{73A6561F-3391-4B11-B7CA-385F764FC40B}.Debug|Any CPU.Build.0 = DVD-5
		{73A6561F-3391-4B11-B7CA-385F764FC40B}.DVD-5|Any CPU.ActiveCfg = DVD-5
		{73A6561F-3391-4B11-B7CA-385F764FC40B}.DVD-5|Any CPU.Build.0 = DVD-5
		{73A6561F-3391-4B11-B7CA-385F764FC40B}.Release|Any CPU.ActiveCfg = SingleImage
		{73A6561F-3391-4B11-B7CA-385F764FC40B}.Release|Any CPU.Build.0 = SingleImage
		{73A6561F-3391-4B11-B7CA-385F764FC40B}.SingleImage|Any CPU.ActiveCfg = SingleImage
		{73A6561F-3391-4B11-B7CA-385F764FC40B}.SingleImage|Any CPU.Build.0 = SingleImage
	EndGlobalSection
	GlobalSection(SolutionProperties) = preSolution
		HideSolutionNode = FALSE
	EndGlobalSection
	GlobalSection(ExtensibilityGlobals) = postSolution
		SolutionGuid = {EDDDB866-4BEE-4CB4-AA51-3A4D379802F4}
	EndGlobalSection
EndGlobal
